{
  "requires": true,
  "lockfileVersion": 1,
  "dependencies": {
    "react-scroll-to-top": {
      "version": "0.2.4",
      "resolved": "https://registry.npmjs.org/react-scroll-to-top/-/react-scroll-to-top-0.2.4.tgz",
      "integrity": "sha512-rhUSbUmcC5mwVrlmX0+23R3d2FgIyXaQeT6fU5uCvE0uQSH0vh3OKWbd6fX+1HPOmiw0ZjpGa4X2KMUKeI2jCg=="
    }
  }
}
